
Microsoft Visual Studio Solution File, Format Version 12.00
# Visual Studio Version 16
VisualStudioVersion = 16.0.29709.97
MinimumVisualStudioVersion = 10.0.40219.1
Project("{FAE04EC0-301F-11D3-BF4B-00C04F79EFBC}") = "Vidly", "Vidly\Vidly.csproj", "{5600465F-7F02-44E6-80F4-BF6D7E607861}"
EndProject
Global
	GlobalSection(SolutionConfigurationPlatforms) = preSolution
		Debug|Any CPU = Debug|Any CPU
		Release|Any CPU = Release|Any CPU
	EndGlobalSection
	GlobalSection(ProjectConfigurationPlatforms) = postSolution
		{5600465F-7F02-44E6-80F4-BF6D7E607861}.Debug|Any CPU.ActiveCfg = Debug|Any CPU
		{5600465F-7F02-44E6-80F4-BF6D7E607861}.Debug|Any CPU.Build.0 = Debug|Any CPU
		{5600465F-7F02-44E6-80F4-BF6D7E607861}.Release|Any CPU.ActiveCfg = Release|Any CPU
		{5600465F-7F02-44E6-80F4-BF6D7E607861}.Release|Any CPU.Build.0 = Release|Any CPU
	EndGlobalSection
	GlobalSection(SolutionProperties) = preSolution
		HideSolutionNode = FALSE
	EndGlobalSection
	GlobalSection(ExtensibilityGlobals) = postSolution
		SolutionGuid = {EF1C5AB5-A687-45A6-98FA-60CAAEC67394}
	EndGlobalSection
EndGlobal
